
Microsoft Visual Studio Solution File, Format Version 12.00
# Visual Studio Version 16
VisualStudioVersion = 16.0.29613.14
MinimumVisualStudioVersion = 10.0.40219.1
Project("{FAE04EC0-301F-11D3-BF4B-00C04F79EFBC}") = "Project1", "Project1\Project1.csproj", "{9066811B-EF6A-422B-9D61-90180E1653BC}"
EndProject
Global
	GlobalSection(SolutionConfigurationPlatforms) = preSolution
		Debug|Any CPU = Debug|Any CPU
		Release|Any CPU = Release|Any CPU
	EndGlobalSection
	GlobalSection(ProjectConfigurationPlatforms) = postSolution
		{9066811B-EF6A-422B-9D61-90180E1653BC}.Debug|Any CPU.ActiveCfg = Debug|Any CPU
		{9066811B-EF6A-422B-9D61-90180E1653BC}.Debug|Any CPU.Build.0 = Debug|Any CPU
		{9066811B-EF6A-422B-9D61-90180E1653BC}.Release|Any CPU.ActiveCfg = Release|Any CPU
		{9066811B-EF6A-422B-9D61-90180E1653BC}.Release|Any CPU.Build.0 = Release|Any CPU
	EndGlobalSection
	GlobalSection(SolutionProperties) = preSolution
		HideSolutionNode = FALSE
	EndGlobalSection
	GlobalSection(ExtensibilityGlobals) = postSolution
		SolutionGuid = {532B3E47-6810-40EE-AC3F-E146D16E7A20}
	EndGlobalSection
EndGlobal
